Microsoft Visual Studio Solution File, Format Version 12.00
# Visual Studio Version 17
VisualStudioVersion = 17.5.2.0
MinimumVisualStudioVersion = 10.0.40219.1
Project("{FAE04EC0-301F-11D3-BF4B-00C04F79EFBC}") = "Binary.Convert.RazorMVC", "Binary.Convert.RazorMVC\Binary.Convert.RazorMVC.csproj", "{1041F4B2-A3D1-D5C2-F1A8-B782982CF7A5}"
EndProject
Global
	GlobalSection(SolutionConfigurationPlatforms) = preSolution
		Debug|Any CPU = Debug|Any CPU
		Release|Any CPU = Release|Any CPU
	EndGlobalSection
	GlobalSection(ProjectConfigurationPlatforms) = postSolution
		{1041F4B2-A3D1-D5C2-F1A8-B782982CF7A5}.Debug|Any CPU.ActiveCfg = Debug|Any CPU
		{1041F4B2-A3D1-D5C2-F1A8-B782982CF7A5}.Debug|Any CPU.Build.0 = Debug|Any CPU
		{1041F4B2-A3D1-D5C2-F1A8-B782982CF7A5}.Release|Any CPU.ActiveCfg = Release|Any CPU
		{1041F4B2-A3D1-D5C2-F1A8-B782982CF7A5}.Release|Any CPU.Build.0 = Release|Any CPU
	EndGlobalSection
	GlobalSection(SolutionProperties) = preSolution
		HideSolutionNode = FALSE
	EndGlobalSection
	GlobalSection(ExtensibilityGlobals) = postSolution
		SolutionGuid = {EF61B851-9A4D-4E39-A590-FB8165FE2131}
	EndGlobalSection
EndGlobal
